
Microsoft Visual Studio Solution File, Format Version 12.00
# Visual Studio Version 17
VisualStudioVersion = 17.10.35013.160
MinimumVisualStudioVersion = 10.0.40219.1
Project("{9A19103F-16F7-4668-BE54-9A1E7A4F7556}") = "LivrariaFiap.Api", "LivrariaFiap.Api\LivrariaFiap.Api.csproj", "{F1190449-C176-4ABF-B236-179AFEC8D702}"
EndProject
Project("{9A19103F-16F7-4668-BE54-9A1E7A4F7556}") = "LivrariaFiap.Infrastructure", "LivrariaFiap.Infrastructure\LivrariaFiap.Infrastructure.csproj", "{4BD71B6E-D0A5-49F5-B8B2-C8E32AF48877}"
EndProject
Project("{9A19103F-16F7-4668-BE54-9A1E7A4F7556}") = "LivrariaFiap.Domain", "LivrariaFiap.Domain\LivrariaFiap.Domain.csproj", "{FF2A54B9-8A33-402E-A9AF-800039886D19}"
EndProject
Project("{FAE04EC0-301F-11D3-BF4B-00C04F79EFBC}") = "LivrariaFiap.Application", "LivrariaFiap.Application\LivrariaFiap.Application.csproj", "{4DF3EA35-5260-403E-AC88-B32EE444327B}"
EndProject
Global
	GlobalSection(SolutionConfigurationPlatforms) = preSolution
		Debug|Any CPU = Debug|Any CPU
		Release|Any CPU = Release|Any CPU
	EndGlobalSection
	GlobalSection(ProjectConfigurationPlatforms) = postSolution
		{F1190449-C176-4ABF-B236-179AFEC8D702}.Debug|Any CPU.ActiveCfg = Debug|Any CPU
		{F1190449-C176-4ABF-B236-179AFEC8D702}.Debug|Any CPU.Build.0 = Debug|Any CPU
		{F1190449-C176-4ABF-B236-179AFEC8D702}.Release|Any CPU.ActiveCfg = Release|Any CPU
		{F1190449-C176-4ABF-B236-179AFEC8D702}.Release|Any CPU.Build.0 = Release|Any CPU
		{EA1C9C80-A34D-410F-B026-4B989A583214}.Debug|Any CPU.ActiveCfg = Debug|Any CPU
		{EA1C9C80-A34D-410F-B026-4B989A583214}.Debug|Any CPU.Build.0 = Debug|Any CPU
		{EA1C9C80-A34D-410F-B026-4B989A583214}.Release|Any CPU.ActiveCfg = Release|Any CPU
		{EA1C9C80-A34D-410F-B026-4B989A583214}.Release|Any CPU.Build.0 = Release|Any CPU
		{4BD71B6E-D0A5-49F5-B8B2-C8E32AF48877}.Debug|Any CPU.ActiveCfg = Debug|Any CPU
		{4BD71B6E-D0A5-49F5-B8B2-C8E32AF48877}.Debug|Any CPU.Build.0 = Debug|Any CPU
		{4BD71B6E-D0A5-49F5-B8B2-C8E32AF48877}.Release|Any CPU.ActiveCfg = Release|Any CPU
		{4BD71B6E-D0A5-49F5-B8B2-C8E32AF48877}.Release|Any CPU.Build.0 = Release|Any CPU
		{FF2A54B9-8A33-402E-A9AF-800039886D19}.Debug|Any CPU.ActiveCfg = Debug|Any CPU
		{FF2A54B9-8A33-402E-A9AF-800039886D19}.Debug|Any CPU.Build.0 = Debug|Any CPU
		{FF2A54B9-8A33-402E-A9AF-800039886D19}.Release|Any CPU.ActiveCfg = Release|Any CPU
		{FF2A54B9-8A33-402E-A9AF-800039886D19}.Release|Any CPU.Build.0 = Release|Any CPU
		{4DF3EA35-5260-403E-AC88-B32EE444327B}.Debug|Any CPU.ActiveCfg = Debug|Any CPU
		{4DF3EA35-5260-403E-AC88-B32EE444327B}.Debug|Any CPU.Build.0 = Debug|Any CPU
		{4DF3EA35-5260-403E-AC88-B32EE444327B}.Release|Any CPU.ActiveCfg = Release|Any CPU
		{4DF3EA35-5260-403E-AC88-B32EE444327B}.Release|Any CPU.Build.0 = Release|Any CPU
	EndGlobalSection
	GlobalSection(SolutionProperties) = preSolution
		HideSolutionNode = FALSE
	EndGlobalSection
	GlobalSection(ExtensibilityGlobals) = postSolution
		SolutionGuid = {4EE6AC02-EBBC-478F-AB89-C7BC5467F7EB}
	EndGlobalSection
EndGlobal
